{
  "name": "nodejscheck",
  "version": "1.0.0",
  "lockfileVersion": 3,
  "requires": true,
  "packages": {
    "": {
      "name": "nodejscheck",
      "version": "1.0.0",
      "license": "ISC",
      "dependencies": {
        "@xmifunx/ajs": "^1.0.0"
      }
    },
    "node_modules/@xmifunx/ajs": {
      "version": "1.0.0",
      "resolved": "https://npm.pkg.github.com/download/@xmifunx/ajs/1.0.0/1dc9c533bab1a28b8025852c6a39a90e85bbb4b7",
      "integrity": "sha512-MgO3yWKubFCLzwsm2Agbf9UKzjavdg5ZzGf1p/7dWAfycJSZ7aS6e4AgI1LsYAY4f2wCTi9/njl0hXmjTXonjg==",
      "license": "ISC"
    }
  }
}
